
Microsoft Visual Studio Solution File, Format Version 12.00
# Visual Studio 2012
Project("{8BC9CEB8-8B4A-11D0-8D11-00A0C91BC942}") = "glyphy", "glyphy.vcxproj", "{16458488-1C9D-4EF0-8311-A5E80ECD25D0}"
EndProject
Project("{8BC9CEB8-8B4A-11D0-8D11-00A0C91BC942}") = "demo", "demo.vcxproj", "{0C6D51DA-FFD8-4835-A6DC-8FB6FAE65D35}"
EndProject
Project("{8BC9CEB8-8B4A-11D0-8D11-00A0C91BC942}") = "glew", "glew.vcxproj", "{16458488-1C9D-4EF2-8311-A5E80ECD25D0}"
EndProject
Project("{8BC9CEB8-8B4A-11D0-8D11-00A0C91BC942}") = "freeglut", "freeglut.vcxproj", "{16458488-1C9D-4EF1-8311-A5E80ECD25D0}"
EndProject
Global
	GlobalSection(SolutionConfigurationPlatforms) = preSolution
		Debug|Win32 = Debug|Win32
		Debug|x64 = Debug|x64
		Release|Win32 = Release|Win32
		Release|x64 = Release|x64
	EndGlobalSection
	GlobalSection(ProjectConfigurationPlatforms) = postSolution
		{16458488-1C9D-4EF0-8311-A5E80ECD25D0}.Debug|Win32.ActiveCfg = Debug|Win32
		{16458488-1C9D-4EF0-8311-A5E80ECD25D0}.Debug|Win32.Build.0 = Debug|Win32
		{16458488-1C9D-4EF0-8311-A5E80ECD25D0}.Debug|x64.ActiveCfg = Debug|x64
		{16458488-1C9D-4EF0-8311-A5E80ECD25D0}.Debug|x64.Build.0 = Debug|x64
		{16458488-1C9D-4EF0-8311-A5E80ECD25D0}.Release|Win32.ActiveCfg = Release|Win32
		{16458488-1C9D-4EF0-8311-A5E80ECD25D0}.Release|Win32.Build.0 = Release|Win32
		{16458488-1C9D-4EF0-8311-A5E80ECD25D0}.Release|x64.ActiveCfg = Release|x64
		{16458488-1C9D-4EF0-8311-A5E80ECD25D0}.Release|x64.Build.0 = Release|x64
		{0C6D51DA-FFD8-4835-A6DC-8FB6FAE65D35}.Debug|Win32.ActiveCfg = Debug|Win32
		{0C6D51DA-FFD8-4835-A6DC-8FB6FAE65D35}.Debug|Win32.Build.0 = Debug|Win32
		{0C6D51DA-FFD8-4835-A6DC-8FB6FAE65D35}.Debug|x64.ActiveCfg = Debug|x64
		{0C6D51DA-FFD8-4835-A6DC-8FB6FAE65D35}.Debug|x64.Build.0 = Debug|x64
		{0C6D51DA-FFD8-4835-A6DC-8FB6FAE65D35}.Release|Win32.ActiveCfg = Release|Win32
		{0C6D51DA-FFD8-4835-A6DC-8FB6FAE65D35}.Release|Win32.Build.0 = Release|Win32
		{0C6D51DA-FFD8-4835-A6DC-8FB6FAE65D35}.Release|x64.ActiveCfg = Release|x64
		{0C6D51DA-FFD8-4835-A6DC-8FB6FAE65D35}.Release|x64.Build.0 = Release|x64
		{16458488-1C9D-4EF2-8311-A5E80ECD25D0}.Debug|Win32.ActiveCfg = Debug|Win32
		{16458488-1C9D-4EF2-8311-A5E80ECD25D0}.Debug|Win32.Build.0 = Debug|Win32
		{16458488-1C9D-4EF2-8311-A5E80ECD25D0}.Debug|x64.ActiveCfg = Debug|x64
		{16458488-1C9D-4EF2-8311-A5E80ECD25D0}.Debug|x64.Build.0 = Debug|x64
		{16458488-1C9D-4EF2-8311-A5E80ECD25D0}.Release|Win32.ActiveCfg = Release|Win32
		{16458488-1C9D-4EF2-8311-A5E80ECD25D0}.Release|Win32.Build.0 = Release|Win32
		{16458488-1C9D-4EF2-8311-A5E80ECD25D0}.Release|x64.ActiveCfg = Release|x64
		{16458488-1C9D-4EF2-8311-A5E80ECD25D0}.Release|x64.Build.0 = Release|x64
		{16458488-1C9D-4EF1-8311-A5E80ECD25D0}.Debug|Win32.ActiveCfg = Debug|Win32
		{16458488-1C9D-4EF1-8311-A5E80ECD25D0}.Debug|Win32.Build.0 = Debug|Win32
		{16458488-1C9D-4EF1-8311-A5E80ECD25D0}.Debug|x64.ActiveCfg = Debug|x64
		{16458488-1C9D-4EF1-8311-A5E80ECD25D0}.Debug|x64.Build.0 = Debug|x64
		{16458488-1C9D-4EF1-8311-A5E80ECD25D0}.Release|Win32.ActiveCfg = Release|Win32
		{16458488-1C9D-4EF1-8311-A5E80ECD25D0}.Release|Win32.Build.0 = Release|Win32
		{16458488-1C9D-4EF1-8311-A5E80ECD25D0}.Release|x64.ActiveCfg = Release|x64
		{16458488-1C9D-4EF1-8311-A5E80ECD25D0}.Release|x64.Build.0 = Release|x64
	EndGlobalSection
	GlobalSection(SolutionProperties) = preSolution
		HideSolutionNode = FALSE
	EndGlobalSection
EndGlobal
